dependencies:
  idf:
    source:
      type: idf
    version: 6.0.1
  wolfssl/wolfssh:
    component_hash: 24d623360c07374a90b1ade8d1218b24bb7b661fd51ace9135dccf510a338927
    dependencies: []
    source:
      registry_url: https://components.espressif.com/
      type: service
    version: 1.4.20
  wolfssl/wolfssl:
    component_hash: 4d619e882c19d967bbaa53302e3bd2bdb8c611b5efb13302171aace809fccfdf
    dependencies: []
    source:
      registry_url: https://components.espressif.com/
      type: service
    version: 5.8.2~1
direct_dependencies:
- wolfssl/wolfssh
- wolfssl/wolfssl
manifest_hash: 03a08141fd70b10a8ade47f546d067212ae0842b797b7c5423be2871564ce90d
target: esp32s3
version: 2.0.0
